
Microsoft Visual Studio Solution File, Format Version 12.00
# Visual Studio Version 17
VisualStudioVersion = 17.5.002.0
MinimumVisualStudioVersion = 10.0.40219.1
Project("{2150E333-8FDC-42A3-9474-1A3956D46DE8}") = "csharp-prep", "csharp-prep", "{A5870822-986E-4518-86AB-6C26017A3CE7}"
EndProject
Project("{9A19103F-16F7-4668-BE54-9A1E7A4F7556}") = "Prep1", "csharp-prep\Prep1\Prep1.csproj", "{F47E0E53-27BB-4995-A021-F1114522E96C}"
EndProject
Project("{9A19103F-16F7-4668-BE54-9A1E7A4F7556}") = "Prep2", "csharp-prep\Prep2\Prep2.csproj", "{C717CD51-950A-430D-BFC0-86EB37FA8C94}"
EndProject
Project("{9A19103F-16F7-4668-BE54-9A1E7A4F7556}") = "Prep3", "csharp-prep\Prep3\Prep3.csproj", "{F119C04D-BA19-4880-9FB0-8AA1CB6DF8E1}"
EndProject
Project("{9A19103F-16F7-4668-BE54-9A1E7A4F7556}") = "Prep4", "csharp-prep\Prep4\Prep4.csproj", "{E3ADDCE2-08E1-4324-B138-166A2A1060CE}"
EndProject
Project("{9A19103F-16F7-4668-BE54-9A1E7A4F7556}") = "Prep5", "csharp-prep\Prep5\Prep5.csproj", "{3FDA08B6-1155-40CF-8083-321BBEC3F836}"
EndProject
Project("{2150E333-8FDC-42A3-9474-1A3956D46DE8}") = "final", "final", "{C590AAF7-5B62-4546-AD6C-4261791E65B8}"
EndProject
Project("{9A19103F-16F7-4668-BE54-9A1E7A4F7556}") = "FinalProject", "final\FinalProject\FinalProject.csproj", "{0E2C83DA-541D-445A-B240-BCF4242EEC1B}"
EndProject
Project("{9A19103F-16F7-4668-BE54-9A1E7A4F7556}") = "Foundation1", "final\Foundation1\Foundation1.csproj", "{A5DAEACE-266F-4A31-9E5E-DA5713A0AB26}"
EndProject
Project("{9A19103F-16F7-4668-BE54-9A1E7A4F7556}") = "Foundation2", "final\Foundation2\Foundation2.csproj", "{78909979-B832-467A-8583-3CB7608B54D4}"
EndProject
Project("{9A19103F-16F7-4668-BE54-9A1E7A4F7556}") = "Foundation3", "final\Foundation3\Foundation3.csproj", "{2569EDE2-1A2F-4782-A685-29D20FC155D0}"
EndProject
Project("{9A19103F-16F7-4668-BE54-9A1E7A4F7556}") = "Foundation4", "final\Foundation4\Foundation4.csproj", "{DF35B898-42E7-4BC1-8953-19474B0555E2}"
EndProject
Project("{2150E333-8FDC-42A3-9474-1A3956D46DE8}") = "prepare", "prepare", "{7FFC0513-EC2D-4AE6-B06F-643B26537337}"
EndProject
Project("{9A19103F-16F7-4668-BE54-9A1E7A4F7556}") = "Learning02", "prepare\Learning02\Learning02.csproj", "{6AC53EE9-6D1E-4D9A-9734-2DCAC86544B0}"
EndProject
Project("{9A19103F-16F7-4668-BE54-9A1E7A4F7556}") = "Learning03", "prepare\Learning03\Learning03.csproj", "{99B9CEDB-1933-4AAE-A08B-DECF0A7E9CF5}"
EndProject
Project("{9A19103F-16F7-4668-BE54-9A1E7A4F7556}") = "Learning04", "prepare\Learning04\Learning04.csproj", "{CFBB29EF-F449-4407-985B-9E7626AD1ADD}"
EndProject
Project("{9A19103F-16F7-4668-BE54-9A1E7A4F7556}") = "Learning05", "prepare\Learning05\Learning05.csproj", "{5525BE14-DDD1-4C12-9F19-BA9D24A904E3}"
EndProject
Project("{2150E333-8FDC-42A3-9474-1A3956D46DE8}") = "prove", "prove", "{6772804B-8A04-4741-B4B6-ADA12E8ABC95}"
EndProject
Project("{9A19103F-16F7-4668-BE54-9A1E7A4F7556}") = "Develop02", "prove\Develop02\Develop02.csproj", "{43966416-1B10-4CC9-88DB-E48795F9B034}"
EndProject
Project("{9A19103F-16F7-4668-BE54-9A1E7A4F7556}") = "Develop03", "prove\Develop03\Develop03.csproj", "{EF3D6253-0B69-4377-A669-39AAFFF9DC60}"
EndProject
Project("{9A19103F-16F7-4668-BE54-9A1E7A4F7556}") = "Develop04", "prove\Develop04\Develop04.csproj", "{116CA103-EF9A-460A-A0A0-5AF865B130E4}"
EndProject
Project("{9A19103F-16F7-4668-BE54-9A1E7A4F7556}") = "Develop05", "prove\Develop05\Develop05.csproj", "{C1D2920F-3599-4142-B464-C578DDF0A60F}"
EndProject
Project("{2150E333-8FDC-42A3-9474-1A3956D46DE8}") = "sandbox", "sandbox", "{1FC72BC4-19AF-4187-826A-5B925C91FC13}"
EndProject
Project("{9A19103F-16F7-4668-BE54-9A1E7A4F7556}") = "Sandbox", "sandbox\Sandbox\Sandbox.csproj", "{FA2BAF18-85CA-4DED-AE08-F1FD5C22792C}"
EndProject
Global
	GlobalSection(SolutionConfigurationPlatforms) = preSolution
		Debug|Any CPU = Debug|Any CPU
		Release|Any CPU = Release|Any CPU
	EndGlobalSection
	GlobalSection(ProjectConfigurationPlatforms) = postSolution
		{F47E0E53-27BB-4995-A021-F1114522E96C}.Debug|Any CPU.ActiveCfg = Debug|Any CPU
		{F47E0E53-27BB-4995-A021-F1114522E96C}.Debug|Any CPU.Build.0 = Debug|Any CPU
		{F47E0E53-27BB-4995-A021-F1114522E96C}.Release|Any CPU.ActiveCfg = Release|Any CPU
		{F47E0E53-27BB-4995-A021-F1114522E96C}.Release|Any CPU.Build.0 = Release|Any CPU
		{C717CD51-950A-430D-BFC0-86EB37FA8C94}.Debug|Any CPU.ActiveCfg = Debug|Any CPU
		{C717CD51-950A-430D-BFC0-86EB37FA8C94}.Debug|Any CPU.Build.0 = Debug|Any CPU
		{C717CD51-950A-430D-BFC0-86EB37FA8C94}.Release|Any CPU.ActiveCfg = Release|Any CPU
		{C717CD51-950A-430D-BFC0-86EB37FA8C94}.Release|Any CPU.Build.0 = Release|Any CPU
		{F119C04D-BA19-4880-9FB0-8AA1CB6DF8E1}.Debug|Any CPU.ActiveCfg = Debug|Any CPU
		{F119C04D-BA19-4880-9FB0-8AA1CB6DF8E1}.Debug|Any CPU.Build.0 = Debug|Any CPU
		{F119C04D-BA19-4880-9FB0-8AA1CB6DF8E1}.Release|Any CPU.ActiveCfg = Release|Any CPU
		{F119C04D-BA19-4880-9FB0-8AA1CB6DF8E1}.Release|Any CPU.Build.0 = Release|Any CPU
		{E3ADDCE2-08E1-4324-B138-166A2A1060CE}.Debug|Any CPU.ActiveCfg = Debug|Any CPU
		{E3ADDCE2-08E1-4324-B138-166A2A1060CE}.Debug|Any CPU.Build.0 = Debug|Any CPU
		{E3ADDCE2-08E1-4324-B138-166A2A1060CE}.Release|Any CPU.ActiveCfg = Release|Any CPU
		{E3ADDCE2-08E1-4324-B138-166A2A1060CE}.Release|Any CPU.Build.0 = Release|Any CPU
		{3FDA08B6-1155-40CF-8083-321BBEC3F836}.Debug|Any CPU.ActiveCfg = Debug|Any CPU
		{3FDA08B6-1155-40CF-8083-321BBEC3F836}.Debug|Any CPU.Build.0 = Debug|Any CPU
		{3FDA08B6-1155-40CF-8083-321BBEC3F836}.Release|Any CPU.ActiveCfg = Release|Any CPU
		{3FDA08B6-1155-40CF-8083-321BBEC3F836}.Release|Any CPU.Build.0 = Release|Any CPU
		{0E2C83DA-541D-445A-B240-BCF4242EEC1B}.Debug|Any CPU.ActiveCfg = Debug|Any CPU
		{0E2C83DA-541D-445A-B240-BCF4242EEC1B}.Debug|Any CPU.Build.0 = Debug|Any CPU
		{0E2C83DA-541D-445A-B240-BCF4242EEC1B}.Release|Any CPU.ActiveCfg = Release|Any CPU
		{0E2C83DA-541D-445A-B240-BCF4242EEC1B}.Release|Any CPU.Build.0 = Release|Any CPU
		{A5DAEACE-266F-4A31-9E5E-DA5713A0AB26}.Debug|Any CPU.ActiveCfg = Debug|Any CPU
		{A5DAEACE-266F-4A31-9E5E-DA5713A0AB26}.Debug|Any CPU.Build.0 = Debug|Any CPU
		{A5DAEACE-266F-4A31-9E5E-DA5713A0AB26}.Release|Any CPU.ActiveCfg = Release|Any CPU
		{A5DAEACE-266F-4A31-9E5E-DA5713A0AB26}.Release|Any CPU.Build.0 = Release|Any CPU
		{78909979-B832-467A-8583-3CB7608B54D4}.Debug|Any CPU.ActiveCfg = Debug|Any CPU
		{78909979-B832-467A-8583-3CB7608B54D4}.Debug|Any CPU.Build.0 = Debug|Any CPU
		{78909979-B832-467A-8583-3CB7608B54D4}.Release|Any CPU.ActiveCfg = Release|Any CPU
		{78909979-B832-467A-8583-3CB7608B54D4}.Release|Any CPU.Build.0 = Release|Any CPU
		{2569EDE2-1A2F-4782-A685-29D20FC155D0}.Debug|Any CPU.ActiveCfg = Debug|Any CPU
		{2569EDE2-1A2F-4782-A685-29D20FC155D0}.Debug|Any CPU.Build.0 = Debug|Any CPU
		{2569EDE2-1A2F-4782-A685-29D20FC155D0}.Release|Any CPU.ActiveCfg = Release|Any CPU
		{2569EDE2-1A2F-4782-A685-29D20FC155D0}.Release|Any CPU.Build.0 = Release|Any CPU
		{DF35B898-42E7-4BC1-8953-19474B0555E2}.Debug|Any CPU.ActiveCfg = Debug|Any CPU
		{DF35B898-42E7-4BC1-8953-19474B0555E2}.Debug|Any CPU.Build.0 = Debug|Any CPU
		{DF35B898-42E7-4BC1-8953-19474B0555E2}.Release|Any CPU.ActiveCfg = Release|Any CPU
		{DF35B898-42E7-4BC1-8953-19474B0555E2}.Release|Any CPU.Build.0 = Release|Any CPU
		{6AC53EE9-6D1E-4D9A-9734-2DCAC86544B0}.Debug|Any CPU.ActiveCfg = Debug|Any CPU
		{6AC53EE9-6D1E-4D9A-9734-2DCAC86544B0}.Debug|Any CPU.Build.0 = Debug|Any CPU
		{6AC53EE9-6D1E-4D9A-9734-2DCAC86544B0}.Release|Any CPU.ActiveCfg = Release|Any CPU
		{6AC53EE9-6D1E-4D9A-9734-2DCAC86544B0}.Release|Any CPU.Build.0 = Release|Any CPU
		{99B9CEDB-1933-4AAE-A08B-DECF0A7E9CF5}.Debug|Any CPU.ActiveCfg = Debug|Any CPU
		{99B9CEDB-1933-4AAE-A08B-DECF0A7E9CF5}.Debug|Any CPU.Build.0 = Debug|Any CPU
		{99B9CEDB-1933-4AAE-A08B-DECF0A7E9CF5}.Release|Any CPU.ActiveCfg = Release|Any CPU
		{99B9CEDB-1933-4AAE-A08B-DECF0A7E9CF5}.Release|Any CPU.Build.0 = Release|Any CPU
		{CFBB29EF-F449-4407-985B-9E7626AD1ADD}.Debug|Any CPU.ActiveCfg = Debug|Any CPU
		{CFBB29EF-F449-4407-985B-9E7626AD1ADD}.Debug|Any CPU.Build.0 = Debug|Any CPU
		{CFBB29EF-F449-4407-985B-9E7626AD1ADD}.Release|Any CPU.ActiveCfg = Release|Any CPU
		{CFBB29EF-F449-4407-985B-9E7626AD1ADD}.Release|Any CPU.Build.0 = Release|Any CPU
		{5525BE14-DDD1-4C12-9F19-BA9D24A904E3}.Debug|Any CPU.ActiveCfg = Debug|Any CPU
		{5525BE14-DDD1-4C12-9F19-BA9D24A904E3}.Debug|Any CPU.Build.0 = Debug|Any CPU
		{5525BE14-DDD1-4C12-9F19-BA9D24A904E3}.Release|Any CPU.ActiveCfg = Release|Any CPU
		{5525BE14-DDD1-4C12-9F19-BA9D24A904E3}.Release|Any CPU.Build.0 = Release|Any CPU
		{43966416-1B10-4CC9-88DB-E48795F9B034}.Debug|Any CPU.ActiveCfg = Debug|Any CPU
		{43966416-1B10-4CC9-88DB-E48795F9B034}.Debug|Any CPU.Build.0 = Debug|Any CPU
		{43966416-1B10-4CC9-88DB-E48795F9B034}.Release|Any CPU.ActiveCfg = Release|Any CPU
		{43966416-1B10-4CC9-88DB-E48795F9B034}.Release|Any CPU.Build.0 = Release|Any CPU
		{EF3D6253-0B69-4377-A669-39AAFFF9DC60}.Debug|Any CPU.ActiveCfg = Debug|Any CPU
		{EF3D6253-0B69-4377-A669-39AAFFF9DC60}.Debug|Any CPU.Build.0 = Debug|Any CPU
		{EF3D6253-0B69-4377-A669-39AAFFF9DC60}.Release|Any CPU.ActiveCfg = Release|Any CPU
		{EF3D6253-0B69-4377-A669-39AAFFF9DC60}.Release|Any CPU.Build.0 = Release|Any CPU
		{116CA103-EF9A-460A-A0A0-5AF865B130E4}.Debug|Any CPU.ActiveCfg = Debug|Any CPU
		{116CA103-EF9A-460A-A0A0-5AF865B130E4}.Debug|Any CPU.Build.0 = Debug|Any CPU
		{116CA103-EF9A-460A-A0A0-5AF865B130E4}.Release|Any CPU.ActiveCfg = Release|Any CPU
		{116CA103-EF9A-460A-A0A0-5AF865B130E4}.Release|Any CPU.Build.0 = Release|Any CPU
		{C1D2920F-3599-4142-B464-C578DDF0A60F}.Debug|Any CPU.ActiveCfg = Debug|Any CPU
		{C1D2920F-3599-4142-B464-C578DDF0A60F}.Debug|Any CPU.Build.0 = Debug|Any CPU
		{C1D2920F-3599-4142-B464-C578DDF0A60F}.Release|Any CPU.ActiveCfg = Release|Any CPU
		{C1D2920F-3599-4142-B464-C578DDF0A60F}.Release|Any CPU.Build.0 = Release|Any CPU
		{FA2BAF18-85CA-4DED-AE08-F1FD5C22792C}.Debug|Any CPU.ActiveCfg = Debug|Any CPU
		{FA2BAF18-85CA-4DED-AE08-F1FD5C22792C}.Debug|Any CPU.Build.0 = Debug|Any CPU
		{FA2BAF18-85CA-4DED-AE08-F1FD5C22792C}.Release|Any CPU.ActiveCfg = Release|Any CPU
		{FA2BAF18-85CA-4DED-AE08-F1FD5C22792C}.Release|Any CPU.Build.0 = Release|Any CPU
	EndGlobalSection
	GlobalSection(SolutionProperties) = preSolution
		HideSolutionNode = FALSE
	EndGlobalSection
	GlobalSection(NestedProjects) = preSolution
		{F47E0E53-27BB-4995-A021-F1114522E96C} = {A5870822-986E-4518-86AB-6C26017A3CE7}
		{C717CD51-950A-430D-BFC0-86EB37FA8C94} = {A5870822-986E-4518-86AB-6C26017A3CE7}
		{F119C04D-BA19-4880-9FB0-8AA1CB6DF8E1} = {A5870822-986E-4518-86AB-6C26017A3CE7}
		{E3ADDCE2-08E1-4324-B138-166A2A1060CE} = {A5870822-986E-4518-86AB-6C26017A3CE7}
		{3FDA08B6-1155-40CF-8083-321BBEC3F836} = {A5870822-986E-4518-86AB-6C26017A3CE7}
		{0E2C83DA-541D-445A-B240-BCF4242EEC1B} = {C590AAF7-5B62-4546-AD6C-4261791E65B8}
		{A5DAEACE-266F-4A31-9E5E-DA5713A0AB26} = {C590AAF7-5B62-4546-AD6C-4261791E65B8}
		{78909979-B832-467A-8583-3CB7608B54D4} = {C590AAF7-5B62-4546-AD6C-4261791E65B8}
		{2569EDE2-1A2F-4782-A685-29D20FC155D0} = {C590AAF7-5B62-4546-AD6C-4261791E65B8}
		{DF35B898-42E7-4BC1-8953-19474B0555E2} = {C590AAF7-5B62-4546-AD6C-4261791E65B8}
		{6AC53EE9-6D1E-4D9A-9734-2DCAC86544B0} = {7FFC0513-EC2D-4AE6-B06F-643B26537337}
		{99B9CEDB-1933-4AAE-A08B-DECF0A7E9CF5} = {7FFC0513-EC2D-4AE6-B06F-643B26537337}
		{CFBB29EF-F449-4407-985B-9E7626AD1ADD} = {7FFC0513-EC2D-4AE6-B06F-643B26537337}
		{5525BE14-DDD1-4C12-9F19-BA9D24A904E3} = {7FFC0513-EC2D-4AE6-B06F-643B26537337}
		{43966416-1B10-4CC9-88DB-E48795F9B034} = {6772804B-8A04-4741-B4B6-ADA12E8ABC95}
		{EF3D6253-0B69-4377-A669-39AAFFF9DC60} = {6772804B-8A04-4741-B4B6-ADA12E8ABC95}
		{116CA103-EF9A-460A-A0A0-5AF865B130E4} = {6772804B-8A04-4741-B4B6-ADA12E8ABC95}
		{C1D2920F-3599-4142-B464-C578DDF0A60F} = {6772804B-8A04-4741-B4B6-ADA12E8ABC95}
		{FA2BAF18-85CA-4DED-AE08-F1FD5C22792C} = {1FC72BC4-19AF-4187-826A-5B925C91FC13}
	EndGlobalSection
	GlobalSection(ExtensibilityGlobals) = postSolution
		SolutionGuid = {AE0E8036-4560-4D94-9999-415516EF76EB}
	EndGlobalSection
EndGlobal
